// !$*UTF8*$!
{
	archiveVersion = 1;
	classes = {
	};
	objectVersion = 46;
	objects = {

/* Begin PBXBuildFile section */
		E958EF8D1C71616D002F1A6B /* Audiolog.cpp in Sources */ = {isa = PBXBuildFile; fileRef = E958EF841C71616D002F1A6B /* Audiolog.cpp */; };
		E958EF8E1C71616D002F1A6B /* logging.cpp in Sources */ = {isa = PBXBuildFile; fileRef = E958EF861C71616D002F1A6B /* logging.cpp */; };
		E958EF901C71616D002F1A6B /* main.cpp in Sources */ = {isa = PBXBuildFile; fileRef = E958EF8A1C71616D002F1A6B /* main.cpp */; };
		E958EF911C71616D002F1A6B /* Recorder.cpp in Sources */ = {isa = PBXBuildFile; fileRef = E958EF8B1C71616D002F1A6B /* Recorder.cpp */; };
		E99217A01C7162CB0021FDEA /* libportaudio.a in Frameworks */ = {isa = PBXBuildFile; fileRef = E992179F1C7162CB0021FDEA /* libportaudio.a */; };
		E99217A41C71632F0021FDEA /* libsndfile.a in Frameworks */ = {isa = PBXBuildFile; fileRef = E99217A31C71632F0021FDEA /* libsndfile.a */; };
		E99217A81C7163B90021FDEA /* libtag.dylib in Frameworks */ = {isa = PBXBuildFile; fileRef = E99217A71C7163B90021FDEA /* libtag.dylib */; };
		E9E40F091C71EA38004F669C /* LinkedList.cpp in Sources */ = {isa = PBXBuildFile; fileRef = E9E40F071C71EA38004F669C /* LinkedList.cpp */; };
		E9E40F0A1C7201A7004F669C /* LogHandler.cpp in Sources */ = {isa = PBXBuildFile; fileRef = E958EF881C71616D002F1A6B /* LogHandler.cpp */; };
/* End PBXBuildFile section */

/* Begin PBXCopyFilesBuildPhase section */
		E958EF781C716132002F1A6B /* CopyFiles */ = {
			isa = PBXCopyFilesBuildPhase;
			buildActionMask = 2147483647;
			dstPath = /usr/share/man/man1/;
			dstSubfolderSpec = 0;
			files = (
			);
			runOnlyForDeploymentPostprocessing = 1;
		};
/* End PBXCopyFilesBuildPhase section */

/* Begin PBXFileReference section */
		E958EF7A1C716132002F1A6B /* Audiologger */ = {isa = PBXFileReference; explicitFileType = "compiled.mach-o.executable"; includeInIndex = 0; path = Audiologger; sourceTree = BUILT_PRODUCTS_DIR; };
		E958EF841C71616D002F1A6B /* Audiolog.cpp */ = {isa = PBXFileReference; fileEncoding = 4; lastKnownFileType = sourcecode.cpp.cpp; path = Audiolog.cpp; sourceTree = "<group>"; };
		E958EF851C71616D002F1A6B /* Audiolog.hpp */ = {isa = PBXFileReference; fileEncoding = 4; lastKnownFileType = sourcecode.cpp.h; path = Audiolog.hpp; sourceTree = "<group>"; };
		E958EF861C71616D002F1A6B /* logging.cpp */ = {isa = PBXFileReference; fileEncoding = 4; lastKnownFileType = sourcecode.cpp.cpp; path = logging.cpp; sourceTree = "<group>"; };
		E958EF871C71616D002F1A6B /* logging.hpp */ = {isa = PBXFileReference; fileEncoding = 4; lastKnownFileType = sourcecode.cpp.h; path = logging.hpp; sourceTree = "<group>"; };
		E958EF881C71616D002F1A6B /* LogHandler.cpp */ = {isa = PBXFileReference; fileEncoding = 4; lastKnownFileType = sourcecode.cpp.cpp; path = LogHandler.cpp; sourceTree = "<group>"; };
		E958EF891C71616D002F1A6B /* LogHandler.hpp */ = {isa = PBXFileReference; fileEncoding = 4; lastKnownFileType = sourcecode.cpp.h; path = LogHandler.hpp; sourceTree = "<group>"; };
		E958EF8A1C71616D002F1A6B /* main.cpp */ = {isa = PBXFileReference; fileEncoding = 4; lastKnownFileType = sourcecode.cpp.cpp; path = main.cpp; sourceTree = "<group>"; };
		E958EF8B1C71616D002F1A6B /* Recorder.cpp */ = {isa = PBXFileReference; fileEncoding = 4; lastKnownFileType = sourcecode.cpp.cpp; path = Recorder.cpp; sourceTree = "<group>"; };
		E958EF8C1C71616D002F1A6B /* Recorder.hpp */ = {isa = PBXFileReference; fileEncoding = 4; lastKnownFileType = sourcecode.cpp.h; path = Recorder.hpp; sourceTree = "<group>"; };
		E992179F1C7162CB0021FDEA /* libportaudio.a */ = {isa = PBXFileReference; lastKnownFileType = archive.ar; name = libportaudio.a; path = /usr/local/Cellar/portaudio/19.20140130/lib/libportaudio.a; sourceTree = "<absolute>"; };
		E99217A11C7162DF0021FDEA /* portaudio.h */ = {isa = PBXFileReference; lastKnownFileType = sourcecode.c.h; name = portaudio.h; path = /usr/local/Cellar/portaudio/19.20140130/include/portaudio.h; sourceTree = "<absolute>"; };
		E99217A21C7163180021FDEA /* sndfile.hh */ = {isa = PBXFileReference; fileEncoding = 4; lastKnownFileType = sourcecode.cpp.h; name = sndfile.hh; path = /usr/local/Cellar/libsndfile/1.0.26/include/sndfile.hh; sourceTree = "<absolute>"; };
		E99217A31C71632F0021FDEA /* libsndfile.a */ = {isa = PBXFileReference; lastKnownFileType = archive.ar; name = libsndfile.a; path = /usr/local/Cellar/libsndfile/1.0.26/lib/libsndfile.a; sourceTree = "<absolute>"; };
		E99217A51C7163990021FDEA /* taglib.h */ = {isa = PBXFileReference; fileEncoding = 4; lastKnownFileType = sourcecode.c.h; name = taglib.h; path = /usr/local/Cellar/taglib/1.10/include/taglib/taglib.h; sourceTree = "<absolute>"; };
		E99217A61C7163A20021FDEA /* tag.h */ = {isa = PBXFileReference; fileEncoding = 4; lastKnownFileType = sourcecode.c.h; name = tag.h; path = /usr/local/Cellar/taglib/1.10/include/taglib/tag.h; sourceTree = "<absolute>"; };
		E99217A71C7163B90021FDEA /* libtag.dylib */ = {isa = PBXFileReference; lastKnownFileType = "compiled.mach-o.dylib"; name = libtag.dylib; path = /usr/local/Cellar/taglib/1.10/lib/libtag.dylib; sourceTree = "<absolute>"; };
		E99217A91C7164120021FDEA /* fileref.h */ = {isa = PBXFileReference; fileEncoding = 4; lastKnownFileType = sourcecode.c.h; name = fileref.h; path = /usr/local/Cellar/taglib/1.10/include/taglib/fileref.h; sourceTree = "<absolute>"; };
		E9E40F071C71EA38004F669C /* LinkedList.cpp */ = {isa = PBXFileReference; fileEncoding = 4; lastKnownFileType = sourcecode.cpp.cpp; path = LinkedList.cpp; sourceTree = "<group>"; };
		E9E40F081C71EA38004F669C /* LinkedList.hpp */ = {isa = PBXFileReference; fileEncoding = 4; lastKnownFileType = sourcecode.cpp.h; path = LinkedList.hpp; sourceTree = "<group>"; };
/* End PBXFileReference section */

/* Begin PBXFrameworksBuildPhase section */
		E958EF771C716132002F1A6B /* Frameworks */ = {
			isa = PBXFrameworksBuildPhase;
			buildActionMask = 2147483647;
			files = (
				E99217A81C7163B90021FDEA /* libtag.dylib in Frameworks */,
				E99217A01C7162CB0021FDEA /* libportaudio.a in Frameworks */,
				E99217A41C71632F0021FDEA /* libsndfile.a in Frameworks */,
			);
			runOnlyForDeploymentPostprocessing = 0;
		};
/* End PBXFrameworksBuildPhase section */

/* Begin PBXGroup section */
		E958EF711C716132002F1A6B = {
			isa = PBXGroup;
			children = (
				E99217AC1C71648C0021FDEA /* portaudio */,
				E99217AB1C7164720021FDEA /* libsndfile */,
				E99217AA1C71645D0021FDEA /* tagLib */,
				E958EF7C1C716132002F1A6B /* Audiologger */,
				E958EF7B1C716132002F1A6B /* Products */,
			);
			sourceTree = "<group>";
		};
		E958EF7B1C716132002F1A6B /* Products */ = {
			isa = PBXGroup;
			children = (
				E958EF7A1C716132002F1A6B /* Audiologger */,
			);
			name = Products;
			sourceTree = "<group>";
		};
		E958EF7C1C716132002F1A6B /* Audiologger */ = {
			isa = PBXGroup;
			children = (
				E958EF841C71616D002F1A6B /* Audiolog.cpp */,
				E958EF851C71616D002F1A6B /* Audiolog.hpp */,
				E958EF861C71616D002F1A6B /* logging.cpp */,
				E958EF871C71616D002F1A6B /* logging.hpp */,
				E958EF881C71616D002F1A6B /* LogHandler.cpp */,
				E958EF891C71616D002F1A6B /* LogHandler.hpp */,
				E958EF8A1C71616D002F1A6B /* main.cpp */,
				E958EF8B1C71616D002F1A6B /* Recorder.cpp */,
				E958EF8C1C71616D002F1A6B /* Recorder.hpp */,
				E9E40F071C71EA38004F669C /* LinkedList.cpp */,
				E9E40F081C71EA38004F669C /* LinkedList.hpp */,
			);
			path = Audiologger;
			sourceTree = "<group>";
		};
		E99217AA1C71645D0021FDEA /* tagLib */ = {
			isa = PBXGroup;
			children = (
				E99217A51C7163990021FDEA /* taglib.h */,
				E99217A91C7164120021FDEA /* fileref.h */,
				E99217A61C7163A20021FDEA /* tag.h */,
				E99217A71C7163B90021FDEA /* libtag.dylib */,
			);
			name = tagLib;
			sourceTree = "<group>";
		};
		E99217AB1C7164720021FDEA /* libsndfile */ = {
			isa = PBXGroup;
			children = (
				E99217A21C7163180021FDEA /* sndfile.hh */,
				E99217A31C71632F0021FDEA /* libsndfile.a */,
			);
			name = libsndfile;
			sourceTree = "<group>";
		};
		E99217AC1C71648C0021FDEA /* portaudio */ = {
			isa = PBXGroup;
			children = (
				E99217A11C7162DF0021FDEA /* portaudio.h */,
				E992179F1C7162CB0021FDEA /* libportaudio.a */,
			);
			name = portaudio;
			sourceTree = "<group>";
		};
/* End PBXGroup section */

/* Begin PBXNativeTarget section */
		E958EF791C716132002F1A6B /* Audiologger */ = {
			isa = PBXNativeTarget;
			buildConfigurationList = E958EF811C716132002F1A6B /* Build configuration list for PBXNativeTarget "Audiologger" */;
			buildPhases = (
				E958EF761C716132002F1A6B /* Sources */,
				E958EF771C716132002F1A6B /* Frameworks */,
				E958EF781C716132002F1A6B /* CopyFiles */,
			);
			buildRules = (
			);
			dependencies = (
			);
			name = Audiologger;
			productName = Audiologger;
			productReference = E958EF7A1C716132002F1A6B /* Audiologger */;
			productType = "com.apple.product-type.tool";
		};
/* End PBXNativeTarget section */

/* Begin PBXProject section */
		E958EF721C716132002F1A6B /* Project object */ = {
			isa = PBXProject;
			attributes = {
				LastUpgradeCheck = 0720;
				ORGANIZATIONNAME = "Malte Poll";
				TargetAttributes = {
					E958EF791C716132002F1A6B = {
						CreatedOnToolsVersion = 7.2.1;
					};
				};
			};
			buildConfigurationList = E958EF751C716132002F1A6B /* Build configuration list for PBXProject "Audiologger" */;
			compatibilityVersion = "Xcode 3.2";
			developmentRegion = English;
			hasScannedForEncodings = 0;
			knownRegions = (
				en,
			);
			mainGroup = E958EF711C716132002F1A6B;
			productRefGroup = E958EF7B1C716132002F1A6B /* Products */;
			projectDirPath = "";
			projectRoot = "";
			targets = (
				E958EF791C716132002F1A6B /* Audiologger */,
			);
		};
/* End PBXProject section */

/* Begin PBXSourcesBuildPhase section */
		E958EF761C716132002F1A6B /* Sources */ = {
			isa = PBXSourcesBuildPhase;
			buildActionMask = 2147483647;
			files = (
				E958EF8D1C71616D002F1A6B /* Audiolog.cpp in Sources */,
				E958EF8E1C71616D002F1A6B /* logging.cpp in Sources */,
				E958EF901C71616D002F1A6B /* main.cpp in Sources */,
				E958EF911C71616D002F1A6B /* Recorder.cpp in Sources */,
				E9E40F091C71EA38004F669C /* LinkedList.cpp in Sources */,
				E9E40F0A1C7201A7004F669C /* LogHandler.cpp in Sources */,
			);
			runOnlyForDeploymentPostprocessing = 0;
		};
/* End PBXSourcesBuildPhase section */

/* Begin XCBuildConfiguration section */
		E958EF7F1C716132002F1A6B /* Debug */ = {
			isa = XCBuildConfiguration;
			buildSettings = {
				ALWAYS_SEARCH_USER_PATHS = NO;
				CLANG_CXX_LANGUAGE_STANDARD = "gnu++0x";
				CLANG_CXX_LIBRARY = "libc++";
				CLANG_ENABLE_MODULES = YES;
				CLANG_ENABLE_OBJC_ARC = YES;
				CLANG_WARN_BOOL_CONVERSION = YES;
				CLANG_WARN_CONSTANT_CONVERSION = YES;
				CLANG_WARN_DIRECT_OBJC_ISA_USAGE = YES_ERROR;
				CLANG_WARN_EMPTY_BODY = YES;
				CLANG_WARN_ENUM_CONVERSION = YES;
				CLANG_WARN_INT_CONVERSION = YES;
				CLANG_WARN_OBJC_ROOT_CLASS = YES_ERROR;
				CLANG_WARN_UNREACHABLE_CODE = YES;
				CLANG_WARN__DUPLICATE_METHOD_MATCH = YES;
				CODE_SIGN_IDENTITY = "-";
				COPY_PHASE_STRIP = NO;
				DEBUG_INFORMATION_FORMAT = dwarf;
				ENABLE_STRICT_OBJC_MSGSEND = YES;
				ENABLE_TESTABILITY = YES;
				GCC_C_LANGUAGE_STANDARD = gnu99;
				GCC_DYNAMIC_NO_PIC = NO;
				GCC_NO_COMMON_BLOCKS = YES;
				GCC_OPTIMIZATION_LEVEL = 0;
				GCC_PREPROCESSOR_DEFINITIONS = (
					"DEBUG=1",
					"$(inherited)",
				);
				GCC_WARN_64_TO_32_BIT_CONVERSION = YES;
				GCC_WARN_ABOUT_RETURN_TYPE = YES_ERROR;
				GCC_WARN_UNDECLARED_SELECTOR = YES;
				GCC_WARN_UNINITIALIZED_AUTOS = YES_AGGRESSIVE;
				GCC_WARN_UNUSED_FUNCTION = YES;
				GCC_WARN_UNUSED_VARIABLE = YES;
				MACOSX_DEPLOYMENT_TARGET = 10.11;
				MTL_ENABLE_DEBUG_INFO = YES;
				ONLY_ACTIVE_ARCH = YES;
				SDKROOT = macosx;
			};
			name = Debug;
		};
		E958EF801C716132002F1A6B /* Release */ = {
			isa = XCBuildConfiguration;
			buildSettings = {
				ALWAYS_SEARCH_USER_PATHS = NO;
				CLANG_CXX_LANGUAGE_STANDARD = "gnu++0x";
				CLANG_CXX_LIBRARY = "libc++";
				CLANG_ENABLE_MODULES = YES;
				CLANG_ENABLE_OBJC_ARC = YES;
				CLANG_WARN_BOOL_CONVERSION = YES;
				CLANG_WARN_CONSTANT_CONVERSION = YES;
				CLANG_WARN_DIRECT_OBJC_ISA_USAGE = YES_ERROR;
				CLANG_WARN_EMPTY_BODY = YES;
				CLANG_WARN_ENUM_CONVERSION = YES;
				CLANG_WARN_INT_CONVERSION = YES;
				CLANG_WARN_OBJC_ROOT_CLASS = YES_ERROR;
				CLANG_WARN_UNREACHABLE_CODE = YES;
				CLANG_WARN__DUPLICATE_METHOD_MATCH = YES;
				CODE_SIGN_IDENTITY = "-";
				COPY_PHASE_STRIP = NO;
				DEBUG_INFORMATION_FORMAT = "dwarf-with-dsym";
				ENABLE_NS_ASSERTIONS = NO;
				ENABLE_STRICT_OBJC_MSGSEND = YES;
				GCC_C_LANGUAGE_STANDARD = gnu99;
				GCC_NO_COMMON_BLOCKS = YES;
				GCC_WARN_64_TO_32_BIT_CONVERSION = YES;
				GCC_WARN_ABOUT_RETURN_TYPE = YES_ERROR;
				GCC_WARN_UNDECLARED_SELECTOR = YES;
				GCC_WARN_UNINITIALIZED_AUTOS = YES_AGGRESSIVE;
				GCC_WARN_UNUSED_FUNCTION = YES;
				GCC_WARN_UNUSED_VARIABLE = YES;
				MACOSX_DEPLOYMENT_TARGET = 10.11;
				MTL_ENABLE_DEBUG_INFO = NO;
				SDKROOT = macosx;
			};
			name = Release;
		};
		E958EF821C716132002F1A6B /* Debug */ = {
			isa = XCBuildConfiguration;
			buildSettings = {
				LIBRARY_SEARCH_PATHS = (
					"$(inherited)",
					/usr/local/Cellar/libsndfile/1.0.26/lib,
					/usr/local/Cellar/portaudio/19.20140130/lib,
					/usr/local/Cellar/taglib/1.10/lib,
				);
				PRODUCT_NAME = "$(TARGET_NAME)";
			};
			name = Debug;
		};
		E958EF831C716132002F1A6B /* Release */ = {
			isa = XCBuildConfiguration;
			buildSettings = {
				LIBRARY_SEARCH_PATHS = (
					"$(inherited)",
					/usr/local/Cellar/libsndfile/1.0.26/lib,
					/usr/local/Cellar/portaudio/19.20140130/lib,
					/usr/local/Cellar/taglib/1.10/lib,
				);
				PRODUCT_NAME = "$(TARGET_NAME)";
			};
			name = Release;
		};
/* End XCBuildConfiguration section */

/* Begin XCConfigurationList section */
		E958EF751C716132002F1A6B /* Build configuration list for PBXProject "Audiologger" */ = {
			isa = XCConfigurationList;
			buildConfigurations = (
				E958EF7F1C716132002F1A6B /* Debug */,
				E958EF801C716132002F1A6B /* Release */,
			);
			defaultConfigurationIsVisible = 0;
			defaultConfigurationName = Release;
		};
		E958EF811C716132002F1A6B /* Build configuration list for PBXNativeTarget "Audiologger" */ = {
			isa = XCConfigurationList;
			buildConfigurations = (
				E958EF821C716132002F1A6B /* Debug */,
				E958EF831C716132002F1A6B /* Release */,
			);
			defaultConfigurationIsVisible = 0;
			defaultConfigurationName = Release;
		};
/* End XCConfigurationList section */
	};
	rootObject = E958EF721C716132002F1A6B /* Project object */;
}
